
Microsoft Visual Studio Solution File, Format Version 12.00
# Visual Studio Version 17
VisualStudioVersion = 17.10.35004.147
MinimumVisualStudioVersion = 10.0.40219.1
Project("{2150E333-8FDC-42A3-9474-1A3956D46DE8}") = "src", "src", "{16ADFAB2-2234-42E2-BDDE-AB8C5A64F1B1}"
	ProjectSection(SolutionItems) = preProject
		Dockerfile = Dockerfile
	EndProjectSection
EndProject
Project("{2150E333-8FDC-42A3-9474-1A3956D46DE8}") = "tests", "tests", "{470401B8-76C0-4686-A8FE-B98E460526C5}"
EndProject
Project("{9A19103F-16F7-4668-BE54-9A1E7A4F7556}") = "SF.BikeTheft.Application.Test", "tests\MyApp.Application.Test\SF.BikeTheft.Application.Test.csproj", "{5ADD52E2-3730-44C7-925E-20EEB92B9347}"
EndProject
Project("{9A19103F-16F7-4668-BE54-9A1E7A4F7556}") = "SF.BikeTheft.Domain.Test", "tests\MyApp.Domain.Test\SF.BikeTheft.Domain.Test.csproj", "{3D702725-BAA2-4A53-9E6C-40C0EAFF6965}"
EndProject
Project("{9A19103F-16F7-4668-BE54-9A1E7A4F7556}") = "SF.BikeTheft.Infrastructure.Test", "tests\MyApp.Infrastructure.Test\SF.BikeTheft.Infrastructure.Test.csproj", "{709F0481-0234-477A-AFE0-F8B12452173E}"
EndProject
Project("{2150E333-8FDC-42A3-9474-1A3956D46DE8}") = "Core", "Core", "{B9AB5365-6DA8-4BA2-8AEC-F75624B92745}"
EndProject
Project("{2150E333-8FDC-42A3-9474-1A3956D46DE8}") = "WebApi", "WebApi", "{5CD7CBD8-E143-46D2-9476-1EBA873776D7}"
EndProject
Project("{2150E333-8FDC-42A3-9474-1A3956D46DE8}") = "Infrastructure", "Infrastructure", "{E4F8EC22-75B4-43D0-BDCE-31BA382D2774}"
EndProject
Project("{2150E333-8FDC-42A3-9474-1A3956D46DE8}") = "Common", "Common", "{4043815B-44A8-4CFD-BAA9-3806DE8610F2}"
EndProject
Project("{2150E333-8FDC-42A3-9474-1A3956D46DE8}") = "Deploy", "Deploy", "{8891C424-82F3-4739-8E0B-E23F3140A90E}"
	ProjectSection(SolutionItems) = preProject
		kubernetes-deploy.yaml = kubernetes-deploy.yaml
	EndProjectSection
EndProject
Project("{2150E333-8FDC-42A3-9474-1A3956D46DE8}") = "helm", "helm", "{CC0DB986-1AF0-4E05-9290-CF66FE06EDEE}"
	ProjectSection(SolutionItems) = preProject
		Chart.yaml = Chart.yaml
		values.yaml = values.yaml
	EndProjectSection
EndProject
Project("{2150E333-8FDC-42A3-9474-1A3956D46DE8}") = "templates", "templates", "{5CA85ACC-67E4-4BE2-9C1B-FE0BBA50F988}"
	ProjectSection(SolutionItems) = preProject
		deployment.yaml = deployment.yaml
	EndProjectSection
EndProject
Project("{2150E333-8FDC-42A3-9474-1A3956D46DE8}") = ".azure-pipelines", ".azure-pipelines", "{2C759C41-3DF5-4581-B48D-781515FED554}"
	ProjectSection(SolutionItems) = preProject
		azure-pipelines.yml = azure-pipelines.yml
	EndProjectSection
EndProject
Project("{9A19103F-16F7-4668-BE54-9A1E7A4F7556}") = "SF.BikeTheft.WebApi", "src\SF.BikeTheft.WebApi\SF.BikeTheft.WebApi.csproj", "{F231BE2C-8AEB-4901-94A0-50A41B42B4C0}"
EndProject
Project("{9A19103F-16F7-4668-BE54-9A1E7A4F7556}") = "SF.BikeTheft.Infrastructure", "src\SF.BikeTheft.Infrastructure\SF.BikeTheft.Infrastructure.csproj", "{8D07DA6D-F40F-4861-8119-6AE2C021AF60}"
EndProject
Project("{9A19103F-16F7-4668-BE54-9A1E7A4F7556}") = "SF.BikeTheft.Application", "src\SF.BikeTheft.Application\SF.BikeTheft.Application.csproj", "{A3AED32E-5087-4B60-9814-B09206043E34}"
EndProject
Project("{9A19103F-16F7-4668-BE54-9A1E7A4F7556}") = "SF.BikeTheft.Domain", "src\SF.BikeTheft.Domain\SF.BikeTheft.Domain.csproj", "{4D4DAFB4-69C6-494C-AC2E-0A0B4440CD71}"
EndProject
Project("{9A19103F-16F7-4668-BE54-9A1E7A4F7556}") = "SF.BikeTheft.Common", "src\SF.BikeTheft.Common\SF.BikeTheft.Common.csproj", "{FA853F2B-8203-4A6A-8B24-3287B2AA8327}"
EndProject
Global
	GlobalSection(SolutionConfigurationPlatforms) = preSolution
		Debug|Any CPU = Debug|Any CPU
		Release|Any CPU = Release|Any CPU
	EndGlobalSection
	GlobalSection(ProjectConfigurationPlatforms) = postSolution
		{5ADD52E2-3730-44C7-925E-20EEB92B9347}.Debug|Any CPU.ActiveCfg = Debug|Any CPU
		{5ADD52E2-3730-44C7-925E-20EEB92B9347}.Debug|Any CPU.Build.0 = Debug|Any CPU
		{5ADD52E2-3730-44C7-925E-20EEB92B9347}.Release|Any CPU.ActiveCfg = Release|Any CPU
		{5ADD52E2-3730-44C7-925E-20EEB92B9347}.Release|Any CPU.Build.0 = Release|Any CPU
		{3D702725-BAA2-4A53-9E6C-40C0EAFF6965}.Debug|Any CPU.ActiveCfg = Debug|Any CPU
		{3D702725-BAA2-4A53-9E6C-40C0EAFF6965}.Debug|Any CPU.Build.0 = Debug|Any CPU
		{3D702725-BAA2-4A53-9E6C-40C0EAFF6965}.Release|Any CPU.ActiveCfg = Release|Any CPU
		{3D702725-BAA2-4A53-9E6C-40C0EAFF6965}.Release|Any CPU.Build.0 = Release|Any CPU
		{709F0481-0234-477A-AFE0-F8B12452173E}.Debug|Any CPU.ActiveCfg = Debug|Any CPU
		{709F0481-0234-477A-AFE0-F8B12452173E}.Debug|Any CPU.Build.0 = Debug|Any CPU
		{709F0481-0234-477A-AFE0-F8B12452173E}.Release|Any CPU.ActiveCfg = Release|Any CPU
		{709F0481-0234-477A-AFE0-F8B12452173E}.Release|Any CPU.Build.0 = Release|Any CPU
		{F231BE2C-8AEB-4901-94A0-50A41B42B4C0}.Debug|Any CPU.ActiveCfg = Debug|Any CPU
		{F231BE2C-8AEB-4901-94A0-50A41B42B4C0}.Debug|Any CPU.Build.0 = Debug|Any CPU
		{F231BE2C-8AEB-4901-94A0-50A41B42B4C0}.Release|Any CPU.ActiveCfg = Release|Any CPU
		{F231BE2C-8AEB-4901-94A0-50A41B42B4C0}.Release|Any CPU.Build.0 = Release|Any CPU
		{8D07DA6D-F40F-4861-8119-6AE2C021AF60}.Debug|Any CPU.ActiveCfg = Debug|Any CPU
		{8D07DA6D-F40F-4861-8119-6AE2C021AF60}.Debug|Any CPU.Build.0 = Debug|Any CPU
		{8D07DA6D-F40F-4861-8119-6AE2C021AF60}.Release|Any CPU.ActiveCfg = Release|Any CPU
		{8D07DA6D-F40F-4861-8119-6AE2C021AF60}.Release|Any CPU.Build.0 = Release|Any CPU
		{A3AED32E-5087-4B60-9814-B09206043E34}.Debug|Any CPU.ActiveCfg = Debug|Any CPU
		{A3AED32E-5087-4B60-9814-B09206043E34}.Debug|Any CPU.Build.0 = Debug|Any CPU
		{A3AED32E-5087-4B60-9814-B09206043E34}.Release|Any CPU.ActiveCfg = Release|Any CPU
		{A3AED32E-5087-4B60-9814-B09206043E34}.Release|Any CPU.Build.0 = Release|Any CPU
		{4D4DAFB4-69C6-494C-AC2E-0A0B4440CD71}.Debug|Any CPU.ActiveCfg = Debug|Any CPU
		{4D4DAFB4-69C6-494C-AC2E-0A0B4440CD71}.Debug|Any CPU.Build.0 = Debug|Any CPU
		{4D4DAFB4-69C6-494C-AC2E-0A0B4440CD71}.Release|Any CPU.ActiveCfg = Release|Any CPU
		{4D4DAFB4-69C6-494C-AC2E-0A0B4440CD71}.Release|Any CPU.Build.0 = Release|Any CPU
		{FA853F2B-8203-4A6A-8B24-3287B2AA8327}.Debug|Any CPU.ActiveCfg = Debug|Any CPU
		{FA853F2B-8203-4A6A-8B24-3287B2AA8327}.Debug|Any CPU.Build.0 = Debug|Any CPU
		{FA853F2B-8203-4A6A-8B24-3287B2AA8327}.Release|Any CPU.ActiveCfg = Release|Any CPU
		{FA853F2B-8203-4A6A-8B24-3287B2AA8327}.Release|Any CPU.Build.0 = Release|Any CPU
	EndGlobalSection
	GlobalSection(SolutionProperties) = preSolution
		HideSolutionNode = FALSE
	EndGlobalSection
	GlobalSection(NestedProjects) = preSolution
		{5ADD52E2-3730-44C7-925E-20EEB92B9347} = {470401B8-76C0-4686-A8FE-B98E460526C5}
		{3D702725-BAA2-4A53-9E6C-40C0EAFF6965} = {470401B8-76C0-4686-A8FE-B98E460526C5}
		{709F0481-0234-477A-AFE0-F8B12452173E} = {470401B8-76C0-4686-A8FE-B98E460526C5}
		{B9AB5365-6DA8-4BA2-8AEC-F75624B92745} = {16ADFAB2-2234-42E2-BDDE-AB8C5A64F1B1}
		{5CD7CBD8-E143-46D2-9476-1EBA873776D7} = {16ADFAB2-2234-42E2-BDDE-AB8C5A64F1B1}
		{E4F8EC22-75B4-43D0-BDCE-31BA382D2774} = {16ADFAB2-2234-42E2-BDDE-AB8C5A64F1B1}
		{4043815B-44A8-4CFD-BAA9-3806DE8610F2} = {16ADFAB2-2234-42E2-BDDE-AB8C5A64F1B1}
		{8891C424-82F3-4739-8E0B-E23F3140A90E} = {16ADFAB2-2234-42E2-BDDE-AB8C5A64F1B1}
		{CC0DB986-1AF0-4E05-9290-CF66FE06EDEE} = {8891C424-82F3-4739-8E0B-E23F3140A90E}
		{5CA85ACC-67E4-4BE2-9C1B-FE0BBA50F988} = {CC0DB986-1AF0-4E05-9290-CF66FE06EDEE}
		{2C759C41-3DF5-4581-B48D-781515FED554} = {16ADFAB2-2234-42E2-BDDE-AB8C5A64F1B1}
		{F231BE2C-8AEB-4901-94A0-50A41B42B4C0} = {5CD7CBD8-E143-46D2-9476-1EBA873776D7}
		{8D07DA6D-F40F-4861-8119-6AE2C021AF60} = {E4F8EC22-75B4-43D0-BDCE-31BA382D2774}
		{A3AED32E-5087-4B60-9814-B09206043E34} = {B9AB5365-6DA8-4BA2-8AEC-F75624B92745}
		{4D4DAFB4-69C6-494C-AC2E-0A0B4440CD71} = {B9AB5365-6DA8-4BA2-8AEC-F75624B92745}
		{FA853F2B-8203-4A6A-8B24-3287B2AA8327} = {4043815B-44A8-4CFD-BAA9-3806DE8610F2}
	EndGlobalSection
	GlobalSection(ExtensibilityGlobals) = postSolution
		SolutionGuid = {D0999DBD-9980-4C46-8618-E8042003DA86}
	EndGlobalSection
EndGlobal
